
Microsoft Visual Studio Solution File, Format Version 12.00
# Visual Studio Version 16
Project("{2150E333-8FDC-42A3-9474-1A3956D46DE8}") = "CMakePredefinedTargets", "CMakePredefinedTargets", "{3194EDEE-9259-39A9-8BFF-6438A50885F5}"
EndProject
Project("{2150E333-8FDC-42A3-9474-1A3956D46DE8}") = "examples", "examples", "{66438A1D-D3BD-3474-BF6A-E0541EECFB3D}"
EndProject
Project("{8BC9CEB8-8B4A-11D0-8D11-00A0C91BC942}") = "ALL_BUILD", "ALL_BUILD.vcxproj", "{9E890BBE-467F-3277-AB17-31010DFD00E1}"
	ProjectSection(ProjectDependencies) = postProject
		{62A11B20-6434-3273-833E-6157632E4F30} = {62A11B20-6434-3273-833E-6157632E4F30}
		{284F4367-7B5E-32F3-95B1-5A2906242596} = {284F4367-7B5E-32F3-95B1-5A2906242596}
		{9FC0819C-621C-377C-B198-802A9F00AB85} = {9FC0819C-621C-377C-B198-802A9F00AB85}
		{327AE136-7FB7-3CC6-81C1-35638E500F42} = {327AE136-7FB7-3CC6-81C1-35638E500F42}
		{829B67B9-3DAA-3AF7-8755-AA03E29FA264} = {829B67B9-3DAA-3AF7-8755-AA03E29FA264}
		{F85847AD-FEB8-3344-B94A-3876998590F0} = {F85847AD-FEB8-3344-B94A-3876998590F0}
		{FA7F447D-1360-3326-ADCB-D5957D64317D} = {FA7F447D-1360-3326-ADCB-D5957D64317D}
		{046D7A48-F27F-36C5-8596-C1AB2BDF0F63} = {046D7A48-F27F-36C5-8596-C1AB2BDF0F63}
		{4967758D-D5F6-3ABC-B098-43F88096E1DA} = {4967758D-D5F6-3ABC-B098-43F88096E1DA}
		{2A1EDD0C-B68A-346E-ABA6-B8E1D5813FAB} = {2A1EDD0C-B68A-346E-ABA6-B8E1D5813FAB}
		{7EF5D94F-E9B0-3088-9DC8-D11E941A9CA0} = {7EF5D94F-E9B0-3088-9DC8-D11E941A9CA0}
	EndProjectSection
EndProject
Project("{8BC9CEB8-8B4A-11D0-8D11-00A0C91BC942}") = "ZERO_CHECK", "ZERO_CHECK.vcxproj", "{62A11B20-6434-3273-833E-6157632E4F30}"
	ProjectSection(ProjectDependencies) = postProject
	EndProjectSection
EndProject
Project("{8BC9CEB8-8B4A-11D0-8D11-00A0C91BC942}") = "cef_gtest", "third_party\cef\cef_binary_107.1.11+g26c0b5e+chromium-107.0.5304.110_windows64\tests\gtest\cef_gtest.vcxproj", "{284F4367-7B5E-32F3-95B1-5A2906242596}"
	ProjectSection(ProjectDependencies) = postProject
		{62A11B20-6434-3273-833E-6157632E4F30} = {62A11B20-6434-3273-833E-6157632E4F30}
	EndProjectSection
EndProject
Project("{8BC9CEB8-8B4A-11D0-8D11-00A0C91BC942}") = "cefclient", "third_party\cef\cef_binary_107.1.11+g26c0b5e+chromium-107.0.5304.110_windows64\tests\cefclient\cefclient.vcxproj", "{9FC0819C-621C-377C-B198-802A9F00AB85}"
	ProjectSection(ProjectDependencies) = postProject
		{62A11B20-6434-3273-833E-6157632E4F30} = {62A11B20-6434-3273-833E-6157632E4F30}
		{F85847AD-FEB8-3344-B94A-3876998590F0} = {F85847AD-FEB8-3344-B94A-3876998590F0}
	EndProjectSection
EndProject
Project("{8BC9CEB8-8B4A-11D0-8D11-00A0C91BC942}") = "cefsimple", "third_party\cef\cef_binary_107.1.11+g26c0b5e+chromium-107.0.5304.110_windows64\tests\cefsimple\cefsimple.vcxproj", "{327AE136-7FB7-3CC6-81C1-35638E500F42}"
	ProjectSection(ProjectDependencies) = postProject
		{62A11B20-6434-3273-833E-6157632E4F30} = {62A11B20-6434-3273-833E-6157632E4F30}
		{F85847AD-FEB8-3344-B94A-3876998590F0} = {F85847AD-FEB8-3344-B94A-3876998590F0}
	EndProjectSection
EndProject
Project("{8BC9CEB8-8B4A-11D0-8D11-00A0C91BC942}") = "ceftests", "third_party\cef\cef_binary_107.1.11+g26c0b5e+chromium-107.0.5304.110_windows64\tests\ceftests\ceftests.vcxproj", "{829B67B9-3DAA-3AF7-8755-AA03E29FA264}"
	ProjectSection(ProjectDependencies) = postProject
		{62A11B20-6434-3273-833E-6157632E4F30} = {62A11B20-6434-3273-833E-6157632E4F30}
		{284F4367-7B5E-32F3-95B1-5A2906242596} = {284F4367-7B5E-32F3-95B1-5A2906242596}
		{F85847AD-FEB8-3344-B94A-3876998590F0} = {F85847AD-FEB8-3344-B94A-3876998590F0}
	EndProjectSection
EndProject
Project("{8BC9CEB8-8B4A-11D0-8D11-00A0C91BC942}") = "libcef_dll_wrapper", "libcef_dll_wrapper\libcef_dll_wrapper.vcxproj", "{F85847AD-FEB8-3344-B94A-3876998590F0}"
	ProjectSection(ProjectDependencies) = postProject
		{62A11B20-6434-3273-833E-6157632E4F30} = {62A11B20-6434-3273-833E-6157632E4F30}
	EndProjectSection
EndProject
Project("{8BC9CEB8-8B4A-11D0-8D11-00A0C91BC942}") = "message_router", "examples\message_router\message_router.vcxproj", "{FA7F447D-1360-3326-ADCB-D5957D64317D}"
	ProjectSection(ProjectDependencies) = postProject
		{62A11B20-6434-3273-833E-6157632E4F30} = {62A11B20-6434-3273-833E-6157632E4F30}
		{F85847AD-FEB8-3344-B94A-3876998590F0} = {F85847AD-FEB8-3344-B94A-3876998590F0}
		{7EF5D94F-E9B0-3088-9DC8-D11E941A9CA0} = {7EF5D94F-E9B0-3088-9DC8-D11E941A9CA0}
	EndProjectSection
EndProject
Project("{8BC9CEB8-8B4A-11D0-8D11-00A0C91BC942}") = "minimal", "examples\minimal\minimal.vcxproj", "{046D7A48-F27F-36C5-8596-C1AB2BDF0F63}"
	ProjectSection(ProjectDependencies) = postProject
		{62A11B20-6434-3273-833E-6157632E4F30} = {62A11B20-6434-3273-833E-6157632E4F30}
		{F85847AD-FEB8-3344-B94A-3876998590F0} = {F85847AD-FEB8-3344-B94A-3876998590F0}
		{7EF5D94F-E9B0-3088-9DC8-D11E941A9CA0} = {7EF5D94F-E9B0-3088-9DC8-D11E941A9CA0}
	EndProjectSection
EndProject
Project("{8BC9CEB8-8B4A-11D0-8D11-00A0C91BC942}") = "resource_manager", "examples\resource_manager\resource_manager.vcxproj", "{4967758D-D5F6-3ABC-B098-43F88096E1DA}"
	ProjectSection(ProjectDependencies) = postProject
		{62A11B20-6434-3273-833E-6157632E4F30} = {62A11B20-6434-3273-833E-6157632E4F30}
		{F85847AD-FEB8-3344-B94A-3876998590F0} = {F85847AD-FEB8-3344-B94A-3876998590F0}
		{7EF5D94F-E9B0-3088-9DC8-D11E941A9CA0} = {7EF5D94F-E9B0-3088-9DC8-D11E941A9CA0}
	EndProjectSection
EndProject
Project("{8BC9CEB8-8B4A-11D0-8D11-00A0C91BC942}") = "scheme_handler", "examples\scheme_handler\scheme_handler.vcxproj", "{2A1EDD0C-B68A-346E-ABA6-B8E1D5813FAB}"
	ProjectSection(ProjectDependencies) = postProject
		{62A11B20-6434-3273-833E-6157632E4F30} = {62A11B20-6434-3273-833E-6157632E4F30}
		{F85847AD-FEB8-3344-B94A-3876998590F0} = {F85847AD-FEB8-3344-B94A-3876998590F0}
		{7EF5D94F-E9B0-3088-9DC8-D11E941A9CA0} = {7EF5D94F-E9B0-3088-9DC8-D11E941A9CA0}
	EndProjectSection
EndProject
Project("{8BC9CEB8-8B4A-11D0-8D11-00A0C91BC942}") = "shared", "examples\shared\shared.vcxproj", "{7EF5D94F-E9B0-3088-9DC8-D11E941A9CA0}"
	ProjectSection(ProjectDependencies) = postProject
		{62A11B20-6434-3273-833E-6157632E4F30} = {62A11B20-6434-3273-833E-6157632E4F30}
		{F85847AD-FEB8-3344-B94A-3876998590F0} = {F85847AD-FEB8-3344-B94A-3876998590F0}
	EndProjectSection
EndProject
Global
	GlobalSection(SolutionConfigurationPlatforms) = preSolution
		Debug|x64 = Debug|x64
		Release|x64 = Release|x64
	EndGlobalSection
	GlobalSection(ProjectConfigurationPlatforms) = postSolution
		{9E890BBE-467F-3277-AB17-31010DFD00E1}.Debug|x64.ActiveCfg = Debug|x64
		{9E890BBE-467F-3277-AB17-31010DFD00E1}.Release|x64.ActiveCfg = Release|x64
		{62A11B20-6434-3273-833E-6157632E4F30}.Debug|x64.ActiveCfg = Debug|x64
		{62A11B20-6434-3273-833E-6157632E4F30}.Debug|x64.Build.0 = Debug|x64
		{62A11B20-6434-3273-833E-6157632E4F30}.Release|x64.ActiveCfg = Release|x64
		{62A11B20-6434-3273-833E-6157632E4F30}.Release|x64.Build.0 = Release|x64
		{284F4367-7B5E-32F3-95B1-5A2906242596}.Debug|x64.ActiveCfg = Debug|x64
		{284F4367-7B5E-32F3-95B1-5A2906242596}.Debug|x64.Build.0 = Debug|x64
		{284F4367-7B5E-32F3-95B1-5A2906242596}.Release|x64.ActiveCfg = Release|x64
		{284F4367-7B5E-32F3-95B1-5A2906242596}.Release|x64.Build.0 = Release|x64
		{9FC0819C-621C-377C-B198-802A9F00AB85}.Debug|x64.ActiveCfg = Debug|x64
		{9FC0819C-621C-377C-B198-802A9F00AB85}.Debug|x64.Build.0 = Debug|x64
		{9FC0819C-621C-377C-B198-802A9F00AB85}.Release|x64.ActiveCfg = Release|x64
		{9FC0819C-621C-377C-B198-802A9F00AB85}.Release|x64.Build.0 = Release|x64
		{327AE136-7FB7-3CC6-81C1-35638E500F42}.Debug|x64.ActiveCfg = Debug|x64
		{327AE136-7FB7-3CC6-81C1-35638E500F42}.Debug|x64.Build.0 = Debug|x64
		{327AE136-7FB7-3CC6-81C1-35638E500F42}.Release|x64.ActiveCfg = Release|x64
		{327AE136-7FB7-3CC6-81C1-35638E500F42}.Release|x64.Build.0 = Release|x64
		{829B67B9-3DAA-3AF7-8755-AA03E29FA264}.Debug|x64.ActiveCfg = Debug|x64
		{829B67B9-3DAA-3AF7-8755-AA03E29FA264}.Debug|x64.Build.0 = Debug|x64
		{829B67B9-3DAA-3AF7-8755-AA03E29FA264}.Release|x64.ActiveCfg = Release|x64
		{829B67B9-3DAA-3AF7-8755-AA03E29FA264}.Release|x64.Build.0 = Release|x64
		{F85847AD-FEB8-3344-B94A-3876998590F0}.Debug|x64.ActiveCfg = Debug|x64
		{F85847AD-FEB8-3344-B94A-3876998590F0}.Debug|x64.Build.0 = Debug|x64
		{F85847AD-FEB8-3344-B94A-3876998590F0}.Release|x64.ActiveCfg = Release|x64
		{F85847AD-FEB8-3344-B94A-3876998590F0}.Release|x64.Build.0 = Release|x64
		{FA7F447D-1360-3326-ADCB-D5957D64317D}.Debug|x64.ActiveCfg = Debug|x64
		{FA7F447D-1360-3326-ADCB-D5957D64317D}.Debug|x64.Build.0 = Debug|x64
		{FA7F447D-1360-3326-ADCB-D5957D64317D}.Release|x64.ActiveCfg = Release|x64
		{FA7F447D-1360-3326-ADCB-D5957D64317D}.Release|x64.Build.0 = Release|x64
		{046D7A48-F27F-36C5-8596-C1AB2BDF0F63}.Debug|x64.ActiveCfg = Debug|x64
		{046D7A48-F27F-36C5-8596-C1AB2BDF0F63}.Debug|x64.Build.0 = Debug|x64
		{046D7A48-F27F-36C5-8596-C1AB2BDF0F63}.Release|x64.ActiveCfg = Release|x64
		{046D7A48-F27F-36C5-8596-C1AB2BDF0F63}.Release|x64.Build.0 = Release|x64
		{4967758D-D5F6-3ABC-B098-43F88096E1DA}.Debug|x64.ActiveCfg = Debug|x64
		{4967758D-D5F6-3ABC-B098-43F88096E1DA}.Debug|x64.Build.0 = Debug|x64
		{4967758D-D5F6-3ABC-B098-43F88096E1DA}.Release|x64.ActiveCfg = Release|x64
		{4967758D-D5F6-3ABC-B098-43F88096E1DA}.Release|x64.Build.0 = Release|x64
		{2A1EDD0C-B68A-346E-ABA6-B8E1D5813FAB}.Debug|x64.ActiveCfg = Debug|x64
		{2A1EDD0C-B68A-346E-ABA6-B8E1D5813FAB}.Debug|x64.Build.0 = Debug|x64
		{2A1EDD0C-B68A-346E-ABA6-B8E1D5813FAB}.Release|x64.ActiveCfg = Release|x64
		{2A1EDD0C-B68A-346E-ABA6-B8E1D5813FAB}.Release|x64.Build.0 = Release|x64
		{7EF5D94F-E9B0-3088-9DC8-D11E941A9CA0}.Debug|x64.ActiveCfg = Debug|x64
		{7EF5D94F-E9B0-3088-9DC8-D11E941A9CA0}.Debug|x64.Build.0 = Debug|x64
		{7EF5D94F-E9B0-3088-9DC8-D11E941A9CA0}.Release|x64.ActiveCfg = Release|x64
		{7EF5D94F-E9B0-3088-9DC8-D11E941A9CA0}.Release|x64.Build.0 = Release|x64
	EndGlobalSection
	GlobalSection(NestedProjects) = preSolution
		{9E890BBE-467F-3277-AB17-31010DFD00E1} = {3194EDEE-9259-39A9-8BFF-6438A50885F5}
		{62A11B20-6434-3273-833E-6157632E4F30} = {3194EDEE-9259-39A9-8BFF-6438A50885F5}
		{FA7F447D-1360-3326-ADCB-D5957D64317D} = {66438A1D-D3BD-3474-BF6A-E0541EECFB3D}
		{046D7A48-F27F-36C5-8596-C1AB2BDF0F63} = {66438A1D-D3BD-3474-BF6A-E0541EECFB3D}
		{4967758D-D5F6-3ABC-B098-43F88096E1DA} = {66438A1D-D3BD-3474-BF6A-E0541EECFB3D}
		{2A1EDD0C-B68A-346E-ABA6-B8E1D5813FAB} = {66438A1D-D3BD-3474-BF6A-E0541EECFB3D}
		{7EF5D94F-E9B0-3088-9DC8-D11E941A9CA0} = {66438A1D-D3BD-3474-BF6A-E0541EECFB3D}
	EndGlobalSection
	GlobalSection(ExtensibilityGlobals) = postSolution
		SolutionGuid = {466241C3-1056-3D5B-88D6-1A3B88E908B3}
	EndGlobalSection
	GlobalSection(ExtensibilityAddIns) = postSolution
	EndGlobalSection
EndGlobal
